
Microsoft Visual Studio Solution File, Format Version 12.00
# Visual Studio Version 16
VisualStudioVersion = 16.0.31624.102
MinimumVisualStudioVersion = 10.0.40219.1
Project("{9A19103F-16F7-4668-BE54-9A1E7A4F7556}") = "GettingIntoCAgain", "GettingIntoCAgain.csproj", "{AE4D98DC-B308-48CF-B217-3E5C4163FB48}"
EndProject
Global
	GlobalSection(SolutionConfigurationPlatforms) = preSolution
		Debug|Any CPU = Debug|Any CPU
		Release|Any CPU = Release|Any CPU
	EndGlobalSection
	GlobalSection(ProjectConfigurationPlatforms) = postSolution
		{AE4D98DC-B308-48CF-B217-3E5C4163FB48}.Debug|Any CPU.ActiveCfg = Debug|Any CPU
		{AE4D98DC-B308-48CF-B217-3E5C4163FB48}.Debug|Any CPU.Build.0 = Debug|Any CPU
		{AE4D98DC-B308-48CF-B217-3E5C4163FB48}.Release|Any CPU.ActiveCfg = Release|Any CPU
		{AE4D98DC-B308-48CF-B217-3E5C4163FB48}.Release|Any CPU.Build.0 = Release|Any CPU
	EndGlobalSection
	GlobalSection(SolutionProperties) = preSolution
		HideSolutionNode = FALSE
	EndGlobalSection
	GlobalSection(ExtensibilityGlobals) = postSolution
		SolutionGuid = {D67FBDF3-89A1-4A6B-B890-3C554770CDBA}
	EndGlobalSection
EndGlobal
